
Microsoft Visual Studio Solution File, Format Version 12.00
# Visual Studio Version 16
VisualStudioVersion = 16.0.30011.22
MinimumVisualStudioVersion = 10.0.40219.1
Project("{FAE04EC0-301F-11D3-BF4B-00C04F79EFBC}") = "MatrixCalc", "MatrixCalc.csproj", "{B31BEF01-EF29-45E5-A04F-8295D5D6F8C8}"
EndProject
Global
	GlobalSection(SolutionConfigurationPlatforms) = preSolution
		Debug|Any CPU = Debug|Any CPU
		Release|Any CPU = Release|Any CPU
	EndGlobalSection
	GlobalSection(ProjectConfigurationPlatforms) = postSolution
		{B31BEF01-EF29-45E5-A04F-8295D5D6F8C8}.Debug|Any CPU.ActiveCfg = Debug|Any CPU
		{B31BEF01-EF29-45E5-A04F-8295D5D6F8C8}.Debug|Any CPU.Build.0 = Debug|Any CPU
		{B31BEF01-EF29-45E5-A04F-8295D5D6F8C8}.Release|Any CPU.ActiveCfg = Release|Any CPU
		{B31BEF01-EF29-45E5-A04F-8295D5D6F8C8}.Release|Any CPU.Build.0 = Release|Any CPU
	EndGlobalSection
	GlobalSection(SolutionProperties) = preSolution
		HideSolutionNode = FALSE
	EndGlobalSection
	GlobalSection(ExtensibilityGlobals) = postSolution
		SolutionGuid = {D231CD57-5EDF-4270-9BB7-4C35B3197A14}
	EndGlobalSection
EndGlobal
