
Microsoft Visual Studio Solution File, Format Version 12.00
Project("{FAE04EC0-301F-11D3-BF4B-00C04F79EFBC}") = "task04", "task04\task04.csproj", "{B9BC7317-060B-43FE-B819-11D8D0E7AFA7}"
EndProject
Project("{FAE04EC0-301F-11D3-BF4B-00C04F79EFBC}") = "task05", "task05\task05.csproj", "{D9DE0663-13DA-4671-8024-2932F3A450BD}"
EndProject
Project("{FAE04EC0-301F-11D3-BF4B-00C04F79EFBC}") = "task06", "task06\task06.csproj", "{5AD3D3E9-007E-4B38-943D-394795B33897}"
EndProject
Project("{FAE04EC0-301F-11D3-BF4B-00C04F79EFBC}") = "task07", "task07\task07.csproj", "{2A941B42-84BF-45BB-A5BA-A47AEAB622F7}"
EndProject
Project("{FAE04EC0-301F-11D3-BF4B-00C04F79EFBC}") = "task08", "task08\task08.csproj", "{49848AC6-DD85-4321-9506-8E8558982B28}"
EndProject
Project("{FAE04EC0-301F-11D3-BF4B-00C04F79EFBC}") = "task18", "task18\task18.csproj", "{250C6DEE-AB29-4474-9BBA-9E23136B0D5D}"
EndProject
Project("{FAE04EC0-301F-11D3-BF4B-00C04F79EFBC}") = "task23", "task23\task23.csproj", "{D739EBB7-9AF8-47FC-8E67-3E414F857DA6}"
EndProject
Project("{FAE04EC0-301F-11D3-BF4B-00C04F79EFBC}") = "task24", "task24\task24.csproj", "{22B420E8-21CA-4ADF-AC75-BEC7A158D8EF}"
EndProject
Project("{FAE04EC0-301F-11D3-BF4B-00C04F79EFBC}") = "task25", "task25\task25.csproj", "{4D541DA5-27E2-4A50-AC63-00F84C65C723}"
EndProject
Global
	GlobalSection(SolutionConfigurationPlatforms) = preSolution
		Debug|Any CPU = Debug|Any CPU
		Release|Any CPU = Release|Any CPU
	EndGlobalSection
	GlobalSection(ProjectConfigurationPlatforms) = postSolution
		{B9BC7317-060B-43FE-B819-11D8D0E7AFA7}.Debug|Any CPU.ActiveCfg = Debug|Any CPU
		{B9BC7317-060B-43FE-B819-11D8D0E7AFA7}.Debug|Any CPU.Build.0 = Debug|Any CPU
		{B9BC7317-060B-43FE-B819-11D8D0E7AFA7}.Release|Any CPU.ActiveCfg = Release|Any CPU
		{B9BC7317-060B-43FE-B819-11D8D0E7AFA7}.Release|Any CPU.Build.0 = Release|Any CPU
		{D9DE0663-13DA-4671-8024-2932F3A450BD}.Debug|Any CPU.ActiveCfg = Debug|Any CPU
		{D9DE0663-13DA-4671-8024-2932F3A450BD}.Debug|Any CPU.Build.0 = Debug|Any CPU
		{D9DE0663-13DA-4671-8024-2932F3A450BD}.Release|Any CPU.ActiveCfg = Release|Any CPU
		{D9DE0663-13DA-4671-8024-2932F3A450BD}.Release|Any CPU.Build.0 = Release|Any CPU
		{5AD3D3E9-007E-4B38-943D-394795B33897}.Debug|Any CPU.ActiveCfg = Debug|Any CPU
		{5AD3D3E9-007E-4B38-943D-394795B33897}.Debug|Any CPU.Build.0 = Debug|Any CPU
		{5AD3D3E9-007E-4B38-943D-394795B33897}.Release|Any CPU.ActiveCfg = Release|Any CPU
		{5AD3D3E9-007E-4B38-943D-394795B33897}.Release|Any CPU.Build.0 = Release|Any CPU
		{2A941B42-84BF-45BB-A5BA-A47AEAB622F7}.Debug|Any CPU.ActiveCfg = Debug|Any CPU
		{2A941B42-84BF-45BB-A5BA-A47AEAB622F7}.Debug|Any CPU.Build.0 = Debug|Any CPU
		{2A941B42-84BF-45BB-A5BA-A47AEAB622F7}.Release|Any CPU.ActiveCfg = Release|Any CPU
		{2A941B42-84BF-45BB-A5BA-A47AEAB622F7}.Release|Any CPU.Build.0 = Release|Any CPU
		{49848AC6-DD85-4321-9506-8E8558982B28}.Debug|Any CPU.ActiveCfg = Debug|Any CPU
		{49848AC6-DD85-4321-9506-8E8558982B28}.Debug|Any CPU.Build.0 = Debug|Any CPU
		{49848AC6-DD85-4321-9506-8E8558982B28}.Release|Any CPU.ActiveCfg = Release|Any CPU
		{49848AC6-DD85-4321-9506-8E8558982B28}.Release|Any CPU.Build.0 = Release|Any CPU
		{250C6DEE-AB29-4474-9BBA-9E23136B0D5D}.Debug|Any CPU.ActiveCfg = Debug|Any CPU
		{250C6DEE-AB29-4474-9BBA-9E23136B0D5D}.Debug|Any CPU.Build.0 = Debug|Any CPU
		{250C6DEE-AB29-4474-9BBA-9E23136B0D5D}.Release|Any CPU.ActiveCfg = Release|Any CPU
		{250C6DEE-AB29-4474-9BBA-9E23136B0D5D}.Release|Any CPU.Build.0 = Release|Any CPU
		{D739EBB7-9AF8-47FC-8E67-3E414F857DA6}.Debug|Any CPU.ActiveCfg = Debug|Any CPU
		{D739EBB7-9AF8-47FC-8E67-3E414F857DA6}.Debug|Any CPU.Build.0 = Debug|Any CPU
		{D739EBB7-9AF8-47FC-8E67-3E414F857DA6}.Release|Any CPU.ActiveCfg = Release|Any CPU
		{D739EBB7-9AF8-47FC-8E67-3E414F857DA6}.Release|Any CPU.Build.0 = Release|Any CPU
		{22B420E8-21CA-4ADF-AC75-BEC7A158D8EF}.Debug|Any CPU.ActiveCfg = Debug|Any CPU
		{22B420E8-21CA-4ADF-AC75-BEC7A158D8EF}.Debug|Any CPU.Build.0 = Debug|Any CPU
		{22B420E8-21CA-4ADF-AC75-BEC7A158D8EF}.Release|Any CPU.ActiveCfg = Release|Any CPU
		{22B420E8-21CA-4ADF-AC75-BEC7A158D8EF}.Release|Any CPU.Build.0 = Release|Any CPU
		{4D541DA5-27E2-4A50-AC63-00F84C65C723}.Debug|Any CPU.ActiveCfg = Debug|Any CPU
		{4D541DA5-27E2-4A50-AC63-00F84C65C723}.Debug|Any CPU.Build.0 = Debug|Any CPU
		{4D541DA5-27E2-4A50-AC63-00F84C65C723}.Release|Any CPU.ActiveCfg = Release|Any CPU
		{4D541DA5-27E2-4A50-AC63-00F84C65C723}.Release|Any CPU.Build.0 = Release|Any CPU
	EndGlobalSection
EndGlobal
