
Microsoft Visual Studio Solution File, Format Version 12.00
# Visual Studio Version 16
VisualStudioVersion = 16.0.30320.27
MinimumVisualStudioVersion = 10.0.40219.1
Project("{FAE04EC0-301F-11D3-BF4B-00C04F79EFBC}") = "CompGraphisc_Number_1", "CompGraphisc_Number_1.csproj", "{F1E588EC-0750-4839-B256-58094C6D281E}"
EndProject
Global
	GlobalSection(SolutionConfigurationPlatforms) = preSolution
		Debug|Any CPU = Debug|Any CPU
		Release|Any CPU = Release|Any CPU
	EndGlobalSection
	GlobalSection(ProjectConfigurationPlatforms) = postSolution
		{F1E588EC-0750-4839-B256-58094C6D281E}.Debug|Any CPU.ActiveCfg = Debug|Any CPU
		{F1E588EC-0750-4839-B256-58094C6D281E}.Debug|Any CPU.Build.0 = Debug|Any CPU
		{F1E588EC-0750-4839-B256-58094C6D281E}.Release|Any CPU.ActiveCfg = Release|Any CPU
		{F1E588EC-0750-4839-B256-58094C6D281E}.Release|Any CPU.Build.0 = Release|Any CPU
	EndGlobalSection
	GlobalSection(SolutionProperties) = preSolution
		HideSolutionNode = FALSE
	EndGlobalSection
	GlobalSection(ExtensibilityGlobals) = postSolution
		SolutionGuid = {3CD2BCFB-1F01-43B8-8AAB-6977F5A57A16}
	EndGlobalSection
EndGlobal
