
Microsoft Visual Studio Solution File, Format Version 12.00
# Visual Studio Version 16
VisualStudioVersion = 16.0.31702.278
MinimumVisualStudioVersion = 10.0.40219.1
Project("{FAE04EC0-301F-11D3-BF4B-00C04F79EFBC}") = "Lab2", "Lab2\Lab2.csproj", "{70D303CC-B793-46CC-878F-5FC9315376F9}"
EndProject
Project("{FAE04EC0-301F-11D3-BF4B-00C04F79EFBC}") = "Lab3", "Lab3\Lab3.csproj", "{9F058880-455F-4541-A38D-9B035DE2C3D2}"
EndProject
Project("{FAE04EC0-301F-11D3-BF4B-00C04F79EFBC}") = "Lab3.Benchmark", "Lab3.Benchmark\Lab3.Benchmark.csproj", "{16337C3F-AE28-4E63-ABDA-6C0D65F8DDE2}"
EndProject
Global
	GlobalSection(SolutionConfigurationPlatforms) = preSolution
		Debug|Any CPU = Debug|Any CPU
		Release|Any CPU = Release|Any CPU
	EndGlobalSection
	GlobalSection(ProjectConfigurationPlatforms) = postSolution
		{70D303CC-B793-46CC-878F-5FC9315376F9}.Debug|Any CPU.ActiveCfg = Debug|Any CPU
		{70D303CC-B793-46CC-878F-5FC9315376F9}.Debug|Any CPU.Build.0 = Debug|Any CPU
		{70D303CC-B793-46CC-878F-5FC9315376F9}.Release|Any CPU.ActiveCfg = Release|Any CPU
		{70D303CC-B793-46CC-878F-5FC9315376F9}.Release|Any CPU.Build.0 = Release|Any CPU
		{9F058880-455F-4541-A38D-9B035DE2C3D2}.Debug|Any CPU.ActiveCfg = Debug|Any CPU
		{9F058880-455F-4541-A38D-9B035DE2C3D2}.Debug|Any CPU.Build.0 = Debug|Any CPU
		{9F058880-455F-4541-A38D-9B035DE2C3D2}.Release|Any CPU.ActiveCfg = Release|Any CPU
		{9F058880-455F-4541-A38D-9B035DE2C3D2}.Release|Any CPU.Build.0 = Release|Any CPU
		{16337C3F-AE28-4E63-ABDA-6C0D65F8DDE2}.Debug|Any CPU.ActiveCfg = Debug|Any CPU
		{16337C3F-AE28-4E63-ABDA-6C0D65F8DDE2}.Debug|Any CPU.Build.0 = Debug|Any CPU
		{16337C3F-AE28-4E63-ABDA-6C0D65F8DDE2}.Release|Any CPU.ActiveCfg = Release|Any CPU
		{16337C3F-AE28-4E63-ABDA-6C0D65F8DDE2}.Release|Any CPU.Build.0 = Release|Any CPU
	EndGlobalSection
	GlobalSection(SolutionProperties) = preSolution
		HideSolutionNode = FALSE
	EndGlobalSection
	GlobalSection(ExtensibilityGlobals) = postSolution
		SolutionGuid = {C95C7C43-7E5A-45DC-987C-D25A32D46D34}
	EndGlobalSection
EndGlobal
